{
  "requires": true,
  "lockfileVersion": 1,
  "dependencies": {
    "greenlet": {
      "version": "1.1.0",
      "resolved": "https://registry.npmjs.org/greenlet/-/greenlet-1.1.0.tgz",
      "integrity": "sha512-W/kKzq7ZSF/LFItIjaSaccw8L6js+9SMSS5buXZs/Td7qZAT91Kd0LTxuUjSWDwuyv4MPo/fhZdkRLV1zsuClg=="
    },
    "image-preload": {
      "version": "1.0.6",
      "resolved": "https://registry.npmjs.org/image-preload/-/image-preload-1.0.6.tgz",
      "integrity": "sha512-Kvh02b8YJB1h4YOf3Ne2Zzw5kbVxOdula41Ng8bv56X+RjkDPpC8YIi3tFgtzlRExyWSJB61u+bCKR6gqw47rw==",
      "requires": {
        "greenlet": "^1.0.1"
      }
    }
  }
}
